// !$*UTF8*$!
{
	archiveVersion = 1;
	classes = {
	};
	objectVersion = 77;
	objects = {

/* Begin PBXBuildFile section */
		8429A8962EE8F29D003C94EA /* ClientCalendarView.swift in Sources */ = {isa = PBXBuildFile; fileRef = 8429A8952EE8F29D003C94EA /* ClientCalendarView.swift */; };
/* End PBXBuildFile section */

/* Begin PBXContainerItemProxy section */
		8429A7F22EE69761003C94EA /* PBXContainerItemProxy */ = {
			isa = PBXContainerItemProxy;
			containerPortal = 8429A7D92EE6975E003C94EA /* Project object */;
			proxyType = 1;
			remoteGlobalIDString = 8429A7E02EE6975E003C94EA;
			remoteInfo = OptionsTrackerLite;
		};
		8429A7FC2EE69761003C94EA /* PBXContainerItemProxy */ = {
			isa = PBXContainerItemProxy;
			containerPortal = 8429A7D92EE6975E003C94EA /* Project object */;
			proxyType = 1;
			remoteGlobalIDString = 8429A7E02EE6975E003C94EA;
			remoteInfo = OptionsTrackerLite;
		};
/* End PBXContainerItemProxy section */

/* Begin PBXFileReference section */
		8429A7E12EE6975E003C94EA /* OptionsTrackerLite.app */ = {isa = PBXFileReference; explicitFileType = wrapper.application; includeInIndex = 0; path = OptionsTrackerLite.app; sourceTree = BUILT_PRODUCTS_DIR; };
		8429A7F12EE69761003C94EA /* OptionsTrackerLiteTests.xctest */ = {isa = PBXFileReference; explicitFileType = wrapper.cfbundle; includeInIndex = 0; path = OptionsTrackerLiteTests.xctest; sourceTree = BUILT_PRODUCTS_DIR; };
		8429A7FB2EE69761003C94EA /* OptionsTrackerLiteUITests.xctest */ = {isa = PBXFileReference; explicitFileType = wrapper.cfbundle; includeInIndex = 0; path = OptionsTrackerLiteUITests.xctest; sourceTree = BUILT_PRODUCTS_DIR; };
		8429A8952EE8F29D003C94EA /* ClientCalendarView.swift */ = {isa = PBXFileReference; lastKnownFileType = sourcecode.swift; path = ClientCalendarView.swift; sourceTree = "<group>"; };
/* End PBXFileReference section */

/* Begin PBXFileSystemSynchronizedRootGroup section */
		8429A7E32EE6975E003C94EA /* OptionsTrackerLite */ = {
			isa = PBXFileSystemSynchronizedRootGroup;
			path = OptionsTrackerLite;
			sourceTree = "<group>";
		};
		8429A7F42EE69761003C94EA /* OptionsTrackerLiteTests */ = {
			isa = PBXFileSystemSynchronizedRootGroup;
			path = OptionsTrackerLiteTests;
			sourceTree = "<group>";
		};
		8429A7FE2EE69761003C94EA /* OptionsTrackerLiteUITests */ = {
			isa = PBXFileSystemSynchronizedRootGroup;
			path = OptionsTrackerLiteUITests;
			sourceTree = "<group>";
		};
/* End PBXFileSystemSynchronizedRootGroup section */

/* Begin PBXFrameworksBuildPhase section */
		8429A7DE2EE6975E003C94EA /* Frameworks */ = {
			isa = PBXFrameworksBuildPhase;
			buildActionMask = 2147483647;
			files = (
			);
			runOnlyForDeploymentPostprocessing = 0;
		};
		8429A7EE2EE69761003C94EA /* Frameworks */ = {
			isa = PBXFrameworksBuildPhase;
			buildActionMask = 2147483647;
			files = (
			);
			runOnlyForDeploymentPostprocessing = 0;
		};
		8429A7F82EE69761003C94EA /* Frameworks */ = {
			isa = PBXFrameworksBuildPhase;
			buildActionMask = 2147483647;
			files = (
			);
			runOnlyForDeploymentPostprocessing = 0;
		};
/* End PBXFrameworksBuildPhase section */

/* Begin PBXGroup section */
		8429A7D82EE6975E003C94EA = {
			isa = PBXGroup;
			children = (
				8429A8952EE8F29D003C94EA /* ClientCalendarView.swift */,
				8429A7E32EE6975E003C94EA /* OptionsTrackerLite */,
				8429A7F42EE69761003C94EA /* OptionsTrackerLiteTests */,
				8429A7FE2EE69761003C94EA /* OptionsTrackerLiteUITests */,
				8429A7E22EE6975E003C94EA /* Products */,
			);
			sourceTree = "<group>";
		};
		8429A7E22EE6975E003C94EA /* Products */ = {
			isa = PBXGroup;
			children = (
				8429A7E12EE6975E003C94EA /* OptionsTrackerLite.app */,
				8429A7F12EE69761003C94EA /* OptionsTrackerLiteTests.xctest */,
				8429A7FB2EE69761003C94EA /* OptionsTrackerLiteUITests.xctest */,
			);
			name = Products;
			sourceTree = "<group>";
		};
/* End PBXGroup section */

/* Begin PBXNativeTarget section */
		8429A7E02EE6975E003C94EA /* OptionsTrackerLite */ = {
			isa = PBXNativeTarget;
			buildConfigurationList = 8429A8052EE69761003C94EA /* Build configuration list for PBXNativeTarget "OptionsTrackerLite" */;
			buildPhases = (
				8429A7DD2EE6975E003C94EA /* Sources */,
				8429A7DE2EE6975E003C94EA /* Frameworks */,
				8429A7DF2EE6975E003C94EA /* Resources */,
			);
			buildRules = (
			);
			dependencies = (
			);
			fileSystemSynchronizedGroups = (
				8429A7E32EE6975E003C94EA /* OptionsTrackerLite */,
			);
			name = OptionsTrackerLite;
			packageProductDependencies = (
			);
			productName = OptionsTrackerLite;
			productReference = 8429A7E12EE6975E003C94EA /* OptionsTrackerLite.app */;
			productType = "com.apple.product-type.application";
		};
		8429A7F02EE69761003C94EA /* OptionsTrackerLiteTests */ = {
			isa = PBXNativeTarget;
			buildConfigurationList = 8429A8082EE69761003C94EA /* Build configuration list for PBXNativeTarget "OptionsTrackerLiteTests" */;
			buildPhases = (
				8429A7ED2EE69761003C94EA /* Sources */,
				8429A7EE2EE69761003C94EA /* Frameworks */,
				8429A7EF2EE69761003C94EA /* Resources */,
			);
			buildRules = (
			);
			dependencies = (
				8429A7F32EE69761003C94EA /* PBXTargetDependency */,
			);
			fileSystemSynchronizedGroups = (
				8429A7F42EE69761003C94EA /* OptionsTrackerLiteTests */,
			);
			name = OptionsTrackerLiteTests;
			packageProductDependencies = (
			);
			productName = OptionsTrackerLiteTests;
			productReference = 8429A7F12EE69761003C94EA /* OptionsTrackerLiteTests.xctest */;
			productType = "com.apple.product-type.bundle.unit-test";
		};
		8429A7FA2EE69761003C94EA /* OptionsTrackerLiteUITests */ = {
			isa = PBXNativeTarget;
			buildConfigurationList = 8429A80B2EE69761003C94EA /* Build configuration list for PBXNativeTarget "OptionsTrackerLiteUITests" */;
			buildPhases = (
				8429A7F72EE69761003C94EA /* Sources */,
				8429A7F82EE69761003C94EA /* Frameworks */,
				8429A7F92EE69761003C94EA /* Resources */,
			);
			buildRules = (
			);
			dependencies = (
				8429A7FD2EE69761003C94EA /* PBXTargetDependency */,
			);
			fileSystemSynchronizedGroups = (
				8429A7FE2EE69761003C94EA /* OptionsTrackerLiteUITests */,
			);
			name = OptionsTrackerLiteUITests;
			packageProductDependencies = (
			);
			productName = OptionsTrackerLiteUITests;
			productReference = 8429A7FB2EE69761003C94EA /* OptionsTrackerLiteUITests.xctest */;
			productType = "com.apple.product-type.bundle.ui-testing";
		};
/* End PBXNativeTarget section */

/* Begin PBXProject section */
		8429A7D92EE6975E003C94EA /* Project object */ = {
			isa = PBXProject;
			attributes = {
				BuildIndependentTargetsInParallel = 1;
				LastSwiftUpdateCheck = 1620;
				LastUpgradeCheck = 1620;
				TargetAttributes = {
					8429A7E02EE6975E003C94EA = {
						CreatedOnToolsVersion = 16.2;
					};
					8429A7F02EE69761003C94EA = {
						CreatedOnToolsVersion = 16.2;
						TestTargetID = 8429A7E02EE6975E003C94EA;
					};
					8429A7FA2EE69761003C94EA = {
						CreatedOnToolsVersion = 16.2;
						TestTargetID = 8429A7E02EE6975E003C94EA;
					};
				};
			};
			buildConfigurationList = 8429A7DC2EE6975E003C94EA /* Build configuration list for PBXProject "OptionsTrackerLite" */;
			developmentRegion = en;
			hasScannedForEncodings = 0;
			knownRegions = (
				en,
				Base,
			);
			mainGroup = 8429A7D82EE6975E003C94EA;
			minimizedProjectReferenceProxies = 1;
			preferredProjectObjectVersion = 77;
			productRefGroup = 8429A7E22EE6975E003C94EA /* Products */;
			projectDirPath = "";
			projectRoot = "";
			targets = (
				8429A7E02EE6975E003C94EA /* OptionsTrackerLite */,
				8429A7F02EE69761003C94EA /* OptionsTrackerLiteTests */,
				8429A7FA2EE69761003C94EA /* OptionsTrackerLiteUITests */,
			);
		};
/* End PBXProject section */

/* Begin PBXResourcesBuildPhase section */
		8429A7DF2EE6975E003C94EA /* Resources */ = {
			isa = PBXResourcesBuildPhase;
			buildActionMask = 2147483647;
			files = (
			);
			runOnlyForDeploymentPostprocessing = 0;
		};
		8429A7EF2EE69761003C94EA /* Resources */ = {
			isa = PBXResourcesBuildPhase;
			buildActionMask = 2147483647;
			files = (
			);
			runOnlyForDeploymentPostprocessing = 0;
		};
		8429A7F92EE69761003C94EA /* Resources */ = {
			isa = PBXResourcesBuildPhase;
			buildActionMask = 2147483647;
			files = (
			);
			runOnlyForDeploymentPostprocessing = 0;
		};
/* End PBXResourcesBuildPhase section */

/* Begin PBXSourcesBuildPhase section */
		8429A7DD2EE6975E003C94EA /* Sources */ = {
			isa = PBXSourcesBuildPhase;
			buildActionMask = 2147483647;
			files = (
				8429A8962EE8F29D003C94EA /* ClientCalendarView.swift in Sources */,
			);
			runOnlyForDeploymentPostprocessing = 0;
		};
		8429A7ED2EE69761003C94EA /* Sources */ = {
			isa = PBXSourcesBuildPhase;
			buildActionMask = 2147483647;
			files = (
			);
			runOnlyForDeploymentPostprocessing = 0;
		};
		8429A7F72EE69761003C94EA /* Sources */ = {
			isa = PBXSourcesBuildPhase;
			buildActionMask = 2147483647;
			files = (
			);
			runOnlyForDeploymentPostprocessing = 0;
		};
/* End PBXSourcesBuildPhase section */

/* Begin PBXTargetDependency section */
		8429A7F32EE69761003C94EA /* PBXTargetDependency */ = {
			isa = PBXTargetDependency;
			target = 8429A7E02EE6975E003C94EA /* OptionsTrackerLite */;
			targetProxy = 8429A7F22EE69761003C94EA /* PBXContainerItemProxy */;
		};
		8429A7FD2EE69761003C94EA /* PBXTargetDependency */ = {
			isa = PBXTargetDependency;
			target = 8429A7E02EE6975E003C94EA /* OptionsTrackerLite */;
			targetProxy = 8429A7FC2EE69761003C94EA /* PBXContainerItemProxy */;
		};
/* End PBXTargetDependency section */

/* Begin XCBuildConfiguration section */
		8429A8032EE69761003C94EA /* Debug */ = {
			isa = XCBuildConfiguration;
			buildSettings = {
				ALWAYS_SEARCH_USER_PATHS = NO;
				ASSETCATALOG_COMPILER_GENERATE_SWIFT_ASSET_SYMBOL_EXTENSIONS = YES;
				CLANG_ANALYZER_NONNULL = YES;
				CLANG_ANALYZER_NUMBER_OBJECT_CONVERSION = YES_AGGRESSIVE;
				CLANG_CXX_LANGUAGE_STANDARD = "gnu++20";
				CLANG_ENABLE_MODULES = YES;
				CLANG_ENABLE_OBJC_ARC = YES;
				CLANG_ENABLE_OBJC_WEAK = YES;
				CLANG_WARN_BLOCK_CAPTURE_AUTORELEASING = YES;
				CLANG_WARN_BOOL_CONVERSION = YES;
				CLANG_WARN_COMMA = YES;
				CLANG_WARN_CONSTANT_CONVERSION = YES;
				CLANG_WARN_DEPRECATED_OBJC_IMPLEMENTATIONS = YES;
				CLANG_WARN_DIRECT_OBJC_ISA_USAGE = YES_ERROR;
				CLANG_WARN_DOCUMENTATION_COMMENTS = YES;
				CLANG_WARN_EMPTY_BODY = YES;
				CLANG_WARN_ENUM_CONVERSION = YES;
				CLANG_WARN_INFINITE_RECURSION = YES;
				CLANG_WARN_INT_CONVERSION = YES;
				CLANG_WARN_NON_LITERAL_NULL_CONVERSION = YES;
				CLANG_WARN_OBJC_IMPLICIT_RETAIN_SELF = YES;
				CLANG_WARN_OBJC_LITERAL_CONVERSION = YES;
				CLANG_WARN_OBJC_ROOT_CLASS = YES_ERROR;
				CLANG_WARN_QUOTED_INCLUDE_IN_FRAMEWORK_HEADER = YES;
				CLANG_WARN_RANGE_LOOP_ANALYSIS = YES;
				CLANG_WARN_STRICT_PROTOTYPES = YES;
				CLANG_WARN_SUSPICIOUS_MOVE = YES;
				CLANG_WARN_UNGUARDED_AVAILABILITY = YES_AGGRESSIVE;
				CLANG_WARN_UNREACHABLE_CODE = YES;
				CLANG_WARN__DUPLICATE_METHOD_MATCH = YES;
				COPY_PHASE_STRIP = NO;
				DEBUG_INFORMATION_FORMAT = dwarf;
				ENABLE_STRICT_OBJC_MSGSEND = YES;
				ENABLE_TESTABILITY = YES;
				ENABLE_USER_SCRIPT_SANDBOXING = YES;
				GCC_C_LANGUAGE_STANDARD = gnu17;
				GCC_DYNAMIC_NO_PIC = NO;
				GCC_NO_COMMON_BLOCKS = YES;
				GCC_OPTIMIZATION_LEVEL = 0;
				GCC_PREPROCESSOR_DEFINITIONS = (
					"DEBUG=1",
					"$(inherited)",
				);
				GCC_WARN_64_TO_32_BIT_CONVERSION = YES;
				GCC_WARN_ABOUT_RETURN_TYPE = YES_ERROR;
				GCC_WARN_UNDECLARED_SELECTOR = YES;
				GCC_WARN_UNINITIALIZED_AUTOS = YES_AGGRESSIVE;
				GCC_WARN_UNUSED_FUNCTION = YES;
				GCC_WARN_UNUSED_VARIABLE = YES;
				IPHONEOS_DEPLOYMENT_TARGET = 18.2;
				LOCALIZATION_PREFERS_STRING_CATALOGS = YES;
				MTL_ENABLE_DEBUG_INFO = INCLUDE_SOURCE;
				MTL_FAST_MATH = YES;
				ONLY_ACTIVE_ARCH = YES;
				SDKROOT = iphoneos;
				SWIFT_ACTIVE_COMPILATION_CONDITIONS = "DEBUG $(inherited)";
				SWIFT_OPTIMIZATION_LEVEL = "-Onone";
			};
			name = Debug;
		};
		8429A8042EE69761003C94EA /* Release */ = {
			isa = XCBuildConfiguration;
			buildSettings = {
				ALWAYS_SEARCH_USER_PATHS = NO;
				ASSETCATALOG_COMPILER_GENERATE_SWIFT_ASSET_SYMBOL_EXTENSIONS = YES;
				CLANG_ANALYZER_NONNULL = YES;
				CLANG_ANALYZER_NUMBER_OBJECT_CONVERSION = YES_AGGRESSIVE;
				CLANG_CXX_LANGUAGE_STANDARD = "gnu++20";
				CLANG_ENABLE_MODULES = YES;
				CLANG_ENABLE_OBJC_ARC = YES;
				CLANG_ENABLE_OBJC_WEAK = YES;
				CLANG_WARN_BLOCK_CAPTURE_AUTORELEASING = YES;
				CLANG_WARN_BOOL_CONVERSION = YES;
				CLANG_WARN_COMMA = YES;
				CLANG_WARN_CONSTANT_CONVERSION = YES;
				CLANG_WARN_DEPRECATED_OBJC_IMPLEMENTATIONS = YES;
				CLANG_WARN_DIRECT_OBJC_ISA_USAGE = YES_ERROR;
				CLANG_WARN_DOCUMENTATION_COMMENTS = YES;
				CLANG_WARN_EMPTY_BODY = YES;
				CLANG_WARN_ENUM_CONVERSION = YES;
				CLANG_WARN_INFINITE_RECURSION = YES;
				CLANG_WARN_INT_CONVERSION = YES;
				CLANG_WARN_NON_LITERAL_NULL_CONVERSION = YES;
				CLANG_WARN_OBJC_IMPLICIT_RETAIN_SELF = YES;
				CLANG_WARN_OBJC_LITERAL_CONVERSION = YES;
				CLANG_WARN_OBJC_ROOT_CLASS = YES_ERROR;
				CLANG_WARN_QUOTED_INCLUDE_IN_FRAMEWORK_HEADER = YES;
				CLANG_WARN_RANGE_LOOP_ANALYSIS = YES;
				CLANG_WARN_STRICT_PROTOTYPES = YES;
				CLANG_WARN_SUSPICIOUS_MOVE = YES;
				CLANG_WARN_UNGUARDED_AVAILABILITY = YES_AGGRESSIVE;
				CLANG_WARN_UNREACHABLE_CODE = YES;
				CLANG_WARN__DUPLICATE_METHOD_MATCH = YES;
				COPY_PHASE_STRIP = NO;
				DEBUG_INFORMATION_FORMAT = "dwarf-with-dsym";
				ENABLE_NS_ASSERTIONS = NO;
				ENABLE_STRICT_OBJC_MSGSEND = YES;
				ENABLE_USER_SCRIPT_SANDBOXING = YES;
				GCC_C_LANGUAGE_STANDARD = gnu17;
				GCC_NO_COMMON_BLOCKS = YES;
				GCC_WARN_64_TO_32_BIT_CONVERSION = YES;
				GCC_WARN_ABOUT_RETURN_TYPE = YES_ERROR;
				GCC_WARN_UNDECLARED_SELECTOR = YES;
				GCC_WARN_UNINITIALIZED_AUTOS = YES_AGGRESSIVE;
				GCC_WARN_UNUSED_FUNCTION = YES;
				GCC_WARN_UNUSED_VARIABLE = YES;
				IPHONEOS_DEPLOYMENT_TARGET = 18.2;
				LOCALIZATION_PREFERS_STRING_CATALOGS = YES;
				MTL_ENABLE_DEBUG_INFO = NO;
				MTL_FAST_MATH = YES;
				SDKROOT = iphoneos;
				SWIFT_COMPILATION_MODE = wholemodule;
				VALIDATE_PRODUCT = YES;
			};
			name = Release;
		};
		8429A8062EE69761003C94EA /* Debug */ = {
			isa = XCBuildConfiguration;
			buildSettings = {
				ASSETCATALOG_COMPILER_APPICON_NAME = AppIcon;
				ASSETCATALOG_COMPILER_GLOBAL_ACCENT_COLOR_NAME = AccentColor;
				CODE_SIGN_STYLE = Automatic;
				CURRENT_PROJECT_VERSION = 1;
				DEVELOPMENT_ASSET_PATHS = "\"OptionsTrackerLite/Preview Content\"";
				DEVELOPMENT_TEAM = 3DR939YJ4V;
				ENABLE_PREVIEWS = YES;
				GENERATE_INFOPLIST_FILE = YES;
				INFOPLIST_KEY_UIApplicationSceneManifest_Generation = YES;
				INFOPLIST_KEY_UIApplicationSupportsIndirectInputEvents = YES;
				INFOPLIST_KEY_UILaunchScreen_Generation = YES;
				INFOPLIST_KEY_UISupportedInterfaceOrientations_iPad = "UIInterfaceOrientationPortrait UIInterfaceOrientationPortraitUpsideDown UIInterfaceOrientationLandscapeLeft UIInterfaceOrientationLandscapeRight";
				INFOPLIST_KEY_UISupportedInterfaceOrientations_iPhone = "UIInterfaceOrientationPortrait UIInterfaceOrientationLandscapeLeft UIInterfaceOrientationLandscapeRight";
				LD_RUNPATH_SEARCH_PATHS = (
					"$(inherited)",
					"@executable_path/Frameworks",
				);
				MARKETING_VERSION = 1.0;
				PRODUCT_BUNDLE_IDENTIFIER = VinPersonal.OptionsTrackerLite;
				PRODUCT_NAME = "$(TARGET_NAME)";
				SWIFT_EMIT_LOC_STRINGS = YES;
				SWIFT_VERSION = 5.0;
				TARGETED_DEVICE_FAMILY = "1,2";
			};
			name = Debug;
		};
		8429A8072EE69761003C94EA /* Release */ = {
			isa = XCBuildConfiguration;
			buildSettings = {
				ASSETCATALOG_COMPILER_APPICON_NAME = AppIcon;
				ASSETCATALOG_COMPILER_GLOBAL_ACCENT_COLOR_NAME = AccentColor;
				CODE_SIGN_STYLE = Automatic;
				CURRENT_PROJECT_VERSION = 1;
				DEVELOPMENT_ASSET_PATHS = "\"OptionsTrackerLite/Preview Content\"";
				DEVELOPMENT_TEAM = 3DR939YJ4V;
				ENABLE_PREVIEWS = YES;
				GENERATE_INFOPLIST_FILE = YES;
				INFOPLIST_KEY_UIApplicationSceneManifest_Generation = YES;
				INFOPLIST_KEY_UIApplicationSupportsIndirectInputEvents = YES;
				INFOPLIST_KEY_UILaunchScreen_Generation = YES;
				INFOPLIST_KEY_UISupportedInterfaceOrientations_iPad = "UIInterfaceOrientationPortrait UIInterfaceOrientationPortraitUpsideDown UIInterfaceOrientationLandscapeLeft UIInterfaceOrientationLandscapeRight";
				INFOPLIST_KEY_UISupportedInterfaceOrientations_iPhone = "UIInterfaceOrientationPortrait UIInterfaceOrientationLandscapeLeft UIInterfaceOrientationLandscapeRight";
				LD_RUNPATH_SEARCH_PATHS = (
					"$(inherited)",
					"@executable_path/Frameworks",
				);
				MARKETING_VERSION = 1.0;
				PRODUCT_BUNDLE_IDENTIFIER = VinPersonal.OptionsTrackerLite;
				PRODUCT_NAME = "$(TARGET_NAME)";
				SWIFT_EMIT_LOC_STRINGS = YES;
				SWIFT_VERSION = 5.0;
				TARGETED_DEVICE_FAMILY = "1,2";
			};
			name = Release;
		};
		8429A8092EE69761003C94EA /* Debug */ = {
			isa = XCBuildConfiguration;
			buildSettings = {
				BUNDLE_LOADER = "$(TEST_HOST)";
				CODE_SIGN_STYLE = Automatic;
				CURRENT_PROJECT_VERSION = 1;
				DEVELOPMENT_TEAM = 3DR939YJ4V;
				GENERATE_INFOPLIST_FILE = YES;
				IPHONEOS_DEPLOYMENT_TARGET = 18.2;
				MARKETING_VERSION = 1.0;
				PRODUCT_BUNDLE_IDENTIFIER = VinPersonal.OptionsTrackerLiteTests;
				PRODUCT_NAME = "$(TARGET_NAME)";
				SWIFT_EMIT_LOC_STRINGS = NO;
				SWIFT_VERSION = 5.0;
				TARGETED_DEVICE_FAMILY = "1,2";
				TEST_HOST = "$(BUILT_PRODUCTS_DIR)/OptionsTrackerLite.app/$(BUNDLE_EXECUTABLE_FOLDER_PATH)/OptionsTrackerLite";
			};
			name = Debug;
		};
		8429A80A2EE69761003C94EA /* Release */ = {
			isa = XCBuildConfiguration;
			buildSettings = {
				BUNDLE_LOADER = "$(TEST_HOST)";
				CODE_SIGN_STYLE = Automatic;
				CURRENT_PROJECT_VERSION = 1;
				DEVELOPMENT_TEAM = 3DR939YJ4V;
				GENERATE_INFOPLIST_FILE = YES;
				IPHONEOS_DEPLOYMENT_TARGET = 18.2;
				MARKETING_VERSION = 1.0;
				PRODUCT_BUNDLE_IDENTIFIER = VinPersonal.OptionsTrackerLiteTests;
				PRODUCT_NAME = "$(TARGET_NAME)";
				SWIFT_EMIT_LOC_STRINGS = NO;
				SWIFT_VERSION = 5.0;
				TARGETED_DEVICE_FAMILY = "1,2";
				TEST_HOST = "$(BUILT_PRODUCTS_DIR)/OptionsTrackerLite.app/$(BUNDLE_EXECUTABLE_FOLDER_PATH)/OptionsTrackerLite";
			};
			name = Release;
		};
		8429A80C2EE69761003C94EA /* Debug */ = {
			isa = XCBuildConfiguration;
			buildSettings = {
				CODE_SIGN_STYLE = Automatic;
				CURRENT_PROJECT_VERSION = 1;
				DEVELOPMENT_TEAM = 3DR939YJ4V;
				GENERATE_INFOPLIST_FILE = YES;
				MARKETING_VERSION = 1.0;
				PRODUCT_BUNDLE_IDENTIFIER = VinPersonal.OptionsTrackerLiteUITests;
				PRODUCT_NAME = "$(TARGET_NAME)";
				SWIFT_EMIT_LOC_STRINGS = NO;
				SWIFT_VERSION = 5.0;
				TARGETED_DEVICE_FAMILY = "1,2";
				TEST_TARGET_NAME = OptionsTrackerLite;
			};
			name = Debug;
		};
		8429A80D2EE69761003C94EA /* Release */ = {
			isa = XCBuildConfiguration;
			buildSettings = {
				CODE_SIGN_STYLE = Automatic;
				CURRENT_PROJECT_VERSION = 1;
				DEVELOPMENT_TEAM = 3DR939YJ4V;
				GENERATE_INFOPLIST_FILE = YES;
				MARKETING_VERSION = 1.0;
				PRODUCT_BUNDLE_IDENTIFIER = VinPersonal.OptionsTrackerLiteUITests;
				PRODUCT_NAME = "$(TARGET_NAME)";
				SWIFT_EMIT_LOC_STRINGS = NO;
				SWIFT_VERSION = 5.0;
				TARGETED_DEVICE_FAMILY = "1,2";
				TEST_TARGET_NAME = OptionsTrackerLite;
			};
			name = Release;
		};
/* End XCBuildConfiguration section */

/* Begin XCConfigurationList section */
		8429A7DC2EE6975E003C94EA /* Build configuration list for PBXProject "OptionsTrackerLite" */ = {
			isa = XCConfigurationList;
			buildConfigurations = (
				8429A8032EE69761003C94EA /* Debug */,
				8429A8042EE69761003C94EA /* Release */,
			);
			defaultConfigurationIsVisible = 0;
			defaultConfigurationName = Release;
		};
		8429A8052EE69761003C94EA /* Build configuration list for PBXNativeTarget "OptionsTrackerLite" */ = {
			isa = XCConfigurationList;
			buildConfigurations = (
				8429A8062EE69761003C94EA /* Debug */,
				8429A8072EE69761003C94EA /* Release */,
			);
			defaultConfigurationIsVisible = 0;
			defaultConfigurationName = Release;
		};
		8429A8082EE69761003C94EA /* Build configuration list for PBXNativeTarget "OptionsTrackerLiteTests" */ = {
			isa = XCConfigurationList;
			buildConfigurations = (
				8429A8092EE69761003C94EA /* Debug */,
				8429A80A2EE69761003C94EA /* Release */,
			);
			defaultConfigurationIsVisible = 0;
			defaultConfigurationName = Release;
		};
		8429A80B2EE69761003C94EA /* Build configuration list for PBXNativeTarget "OptionsTrackerLiteUITests" */ = {
			isa = XCConfigurationList;
			buildConfigurations = (
				8429A80C2EE69761003C94EA /* Debug */,
				8429A80D2EE69761003C94EA /* Release */,
			);
			defaultConfigurationIsVisible = 0;
			defaultConfigurationName = Release;
		};
/* End XCConfigurationList section */
	};
	rootObject = 8429A7D92EE6975E003C94EA /* Project object */;
}
